// !$*UTF8*$!
{
	archiveVersion = 1;
	classes = {
	};
	objectVersion = 55;
	objects = {

/* Begin PBXBuildFile section */
		845F12B327D519C300D4688A /* FlickrPhotosCollectionViewCell.swift in Sources */ = {isa = PBXBuildFile; fileRef = 845F12B227D519C300D4688A /* FlickrPhotosCollectionViewCell.swift */; };
		847E2B4427D2247B001C5999 /* AppDelegate.swift in Sources */ = {isa = PBXBuildFile; fileRef = 847E2B4327D2247B001C5999 /* AppDelegate.swift */; };
		847E2B4627D2247B001C5999 /* SceneDelegate.swift in Sources */ = {isa = PBXBuildFile; fileRef = 847E2B4527D2247B001C5999 /* SceneDelegate.swift */; };
		847E2B4827D2247B001C5999 /* PhotoSearchViewController.swift in Sources */ = {isa = PBXBuildFile; fileRef = 847E2B4727D2247B001C5999 /* PhotoSearchViewController.swift */; };
		847E2B4B27D2247B001C5999 /* Main.storyboard in Resources */ = {isa = PBXBuildFile; fileRef = 847E2B4927D2247B001C5999 /* Main.storyboard */; };
		847E2B4D27D2247F001C5999 /* Assets.xcassets in Resources */ = {isa = PBXBuildFile; fileRef = 847E2B4C27D2247F001C5999 /* Assets.xcassets */; };
		847E2B5027D2247F001C5999 /* LaunchScreen.storyboard in Resources */ = {isa = PBXBuildFile; fileRef = 847E2B4E27D2247F001C5999 /* LaunchScreen.storyboard */; };
		847E2B5B27D22C34001C5999 /* FlickrResponseModel.swift in Sources */ = {isa = PBXBuildFile; fileRef = 847E2B5A27D22C34001C5999 /* FlickrResponseModel.swift */; };
		847E2B6227D234F4001C5999 /* FlickrViewModel.swift in Sources */ = {isa = PBXBuildFile; fileRef = 847E2B6127D234F4001C5999 /* FlickrViewModel.swift */; };
		847E2B6427D24083001C5999 /* FlickrViewProtocol.swift in Sources */ = {isa = PBXBuildFile; fileRef = 847E2B6327D24082001C5999 /* FlickrViewProtocol.swift */; };
		84AA115C27D7790D004537DC /* FlickrViewModelTests.swift in Sources */ = {isa = PBXBuildFile; fileRef = 84AA115B27D7790D004537DC /* FlickrViewModelTests.swift */; };
		84AA115E27D7791B004537DC /* MockNetworkManager.swift in Sources */ = {isa = PBXBuildFile; fileRef = 84AA115D27D7791B004537DC /* MockNetworkManager.swift */; };
		84AA116027D77925004537DC /* search_succcess.json in Resources */ = {isa = PBXBuildFile; fileRef = 84AA115F27D77925004537DC /* search_succcess.json */; };
		84C4F13E27D77F380086B30E /* NetworkManager.swift in Sources */ = {isa = PBXBuildFile; fileRef = 84C4F13D27D77F380086B30E /* NetworkManager.swift */; };
		84C4F14027D77F7B0086B30E /* NetworkUrl.swift in Sources */ = {isa = PBXBuildFile; fileRef = 84C4F13F27D77F7B0086B30E /* NetworkUrl.swift */; };
		84C4F14227D77FAC0086B30E /* ImageCache.swift in Sources */ = {isa = PBXBuildFile; fileRef = 84C4F14127D77FAC0086B30E /* ImageCache.swift */; };
		84C4F14427D7800C0086B30E /* UIImageView+Extension.swift in Sources */ = {isa = PBXBuildFile; fileRef = 84C4F14327D7800C0086B30E /* UIImageView+Extension.swift */; };
/* End PBXBuildFile section */

/* Begin PBXContainerItemProxy section */
		84AA115627D7780B004537DC /* PBXContainerItemProxy */ = {
			isa = PBXContainerItemProxy;
			containerPortal = 847E2B3827D2247B001C5999 /* Project object */;
			proxyType = 1;
			remoteGlobalIDString = 847E2B3F27D2247B001C5999;
			remoteInfo = FlickrPhotosGallery;
		};
/* End PBXContainerItemProxy section */

/* Begin PBXFileReference section */
		845F12B227D519C300D4688A /* FlickrPhotosCollectionViewCell.swift */ = {isa = PBXFileReference; lastKnownFileType = sourcecode.swift; path = FlickrPhotosCollectionViewCell.swift; sourceTree = "<group>"; };
		847E2B4027D2247B001C5999 /* FlickrPhotosGallery.app */ = {isa = PBXFileReference; explicitFileType = wrapper.application; includeInIndex = 0; path = FlickrPhotosGallery.app; sourceTree = BUILT_PRODUCTS_DIR; };
		847E2B4327D2247B001C5999 /* AppDelegate.swift */ = {isa = PBXFileReference; lastKnownFileType = sourcecode.swift; path = AppDelegate.swift; sourceTree = "<group>"; };
		847E2B4527D2247B001C5999 /* SceneDelegate.swift */ = {isa = PBXFileReference; lastKnownFileType = sourcecode.swift; path = SceneDelegate.swift; sourceTree = "<group>"; };
		847E2B4727D2247B001C5999 /* PhotoSearchViewController.swift */ = {isa = PBXFileReference; lastKnownFileType = sourcecode.swift; path = PhotoSearchViewController.swift; sourceTree = "<group>"; };
		847E2B4A27D2247B001C5999 /* Base */ = {isa = PBXFileReference; lastKnownFileType = file.storyboard; name = Base; path = Base.lproj/Main.storyboard; sourceTree = "<group>"; };
		847E2B4C27D2247F001C5999 /* Assets.xcassets */ = {isa = PBXFileReference; lastKnownFileType = folder.assetcatalog; path = Assets.xcassets; sourceTree = "<group>"; };
		847E2B4F27D2247F001C5999 /* Base */ = {isa = PBXFileReference; lastKnownFileType = file.storyboard; name = Base; path = Base.lproj/LaunchScreen.storyboard; sourceTree = "<group>"; };
		847E2B5127D2247F001C5999 /* Info.plist */ = {isa = PBXFileReference; lastKnownFileType = text.plist.xml; path = Info.plist; sourceTree = "<group>"; };
		847E2B5A27D22C34001C5999 /* FlickrResponseModel.swift */ = {isa = PBXFileReference; lastKnownFileType = sourcecode.swift; path = FlickrResponseModel.swift; sourceTree = "<group>"; };
		847E2B6127D234F4001C5999 /* FlickrViewModel.swift */ = {isa = PBXFileReference; lastKnownFileType = sourcecode.swift; path = FlickrViewModel.swift; sourceTree = "<group>"; };
		847E2B6327D24082001C5999 /* FlickrViewProtocol.swift */ = {isa = PBXFileReference; lastKnownFileType = sourcecode.swift; path = FlickrViewProtocol.swift; sourceTree = "<group>"; };
		84AA115227D7780B004537DC /* FlickrPhotosGalleryTests.xctest */ = {isa = PBXFileReference; explicitFileType = wrapper.cfbundle; includeInIndex = 0; path = FlickrPhotosGalleryTests.xctest; sourceTree = BUILT_PRODUCTS_DIR; };
		84AA115B27D7790D004537DC /* FlickrViewModelTests.swift */ = {isa = PBXFileReference; fileEncoding = 4; lastKnownFileType = sourcecode.swift; path = FlickrViewModelTests.swift; sourceTree = "<group>"; };
		84AA115D27D7791B004537DC /* MockNetworkManager.swift */ = {isa = PBXFileReference; fileEncoding = 4; lastKnownFileType = sourcecode.swift; path = MockNetworkManager.swift; sourceTree = "<group>"; };
		84AA115F27D77925004537DC /* search_succcess.json */ = {isa = PBXFileReference; fileEncoding = 4; lastKnownFileType = text.json; path = search_succcess.json; sourceTree = "<group>"; };
		84C4F13D27D77F380086B30E /* NetworkManager.swift */ = {isa = PBXFileReference; lastKnownFileType = sourcecode.swift; path = NetworkManager.swift; sourceTree = "<group>"; };
		84C4F13F27D77F7B0086B30E /* NetworkUrl.swift */ = {isa = PBXFileReference; lastKnownFileType = sourcecode.swift; path = NetworkUrl.swift; sourceTree = "<group>"; };
		84C4F14127D77FAC0086B30E /* ImageCache.swift */ = {isa = PBXFileReference; lastKnownFileType = sourcecode.swift; path = ImageCache.swift; sourceTree = "<group>"; };
		84C4F14327D7800C0086B30E /* UIImageView+Extension.swift */ = {isa = PBXFileReference; lastKnownFileType = sourcecode.swift; path = "UIImageView+Extension.swift"; sourceTree = "<group>"; };
/* End PBXFileReference section */

/* Begin PBXFrameworksBuildPhase section */
		847E2B3D27D2247B001C5999 /* Frameworks */ = {
			isa = PBXFrameworksBuildPhase;
			buildActionMask = 2147483647;
			files = (
			);
			runOnlyForDeploymentPostprocessing = 0;
		};
		84AA114F27D7780B004537DC /* Frameworks */ = {
			isa = PBXFrameworksBuildPhase;
			buildActionMask = 2147483647;
			files = (
			);
			runOnlyForDeploymentPostprocessing = 0;
		};
/* End PBXFrameworksBuildPhase section */

/* Begin PBXGroup section */
		847E2B3727D2247B001C5999 = {
			isa = PBXGroup;
			children = (
				847E2B4227D2247B001C5999 /* FlickrPhotosGallery */,
				84AA115327D7780B004537DC /* FlickrPhotosGalleryTests */,
				847E2B4127D2247B001C5999 /* Products */,
			);
			sourceTree = "<group>";
		};
		847E2B4127D2247B001C5999 /* Products */ = {
			isa = PBXGroup;
			children = (
				847E2B4027D2247B001C5999 /* FlickrPhotosGallery.app */,
				84AA115227D7780B004537DC /* FlickrPhotosGalleryTests.xctest */,
			);
			name = Products;
			sourceTree = "<group>";
		};
		847E2B4227D2247B001C5999 /* FlickrPhotosGallery */ = {
			isa = PBXGroup;
			children = (
				847E2B4327D2247B001C5999 /* AppDelegate.swift */,
				847E2B4527D2247B001C5999 /* SceneDelegate.swift */,
				847E2B5927D22BDB001C5999 /* View */,
				847E2B5827D22BC7001C5999 /* ViewModel */,
				847E2B5727D22BC0001C5999 /* Model */,
				84C4F14527D780A00086B30E /* Networking */,
				847E2B4C27D2247F001C5999 /* Assets.xcassets */,
				847E2B4E27D2247F001C5999 /* LaunchScreen.storyboard */,
				847E2B5127D2247F001C5999 /* Info.plist */,
			);
			path = FlickrPhotosGallery;
			sourceTree = "<group>";
		};
		847E2B5727D22BC0001C5999 /* Model */ = {
			isa = PBXGroup;
			children = (
				847E2B5A27D22C34001C5999 /* FlickrResponseModel.swift */,
			);
			path = Model;
			sourceTree = "<group>";
		};
		847E2B5827D22BC7001C5999 /* ViewModel */ = {
			isa = PBXGroup;
			children = (
				847E2B6127D234F4001C5999 /* FlickrViewModel.swift */,
				847E2B6327D24082001C5999 /* FlickrViewProtocol.swift */,
			);
			path = ViewModel;
			sourceTree = "<group>";
		};
		847E2B5927D22BDB001C5999 /* View */ = {
			isa = PBXGroup;
			children = (
				847E2B4927D2247B001C5999 /* Main.storyboard */,
				847E2B4727D2247B001C5999 /* PhotoSearchViewController.swift */,
				845F12B227D519C300D4688A /* FlickrPhotosCollectionViewCell.swift */,
			);
			path = View;
			sourceTree = "<group>";
		};
		84AA115327D7780B004537DC /* FlickrPhotosGalleryTests */ = {
			isa = PBXGroup;
			children = (
				84AA115F27D77925004537DC /* search_succcess.json */,
				84AA115D27D7791B004537DC /* MockNetworkManager.swift */,
				84AA115B27D7790D004537DC /* FlickrViewModelTests.swift */,
			);
			path = FlickrPhotosGalleryTests;
			sourceTree = "<group>";
		};
		84C4F14527D780A00086B30E /* Networking */ = {
			isa = PBXGroup;
			children = (
				84C4F14627D780DC0086B30E /* ImageDownloaderCacher */,
				84C4F13D27D77F380086B30E /* NetworkManager.swift */,
				84C4F13F27D77F7B0086B30E /* NetworkUrl.swift */,
			);
			path = Networking;
			sourceTree = "<group>";
		};
		84C4F14627D780DC0086B30E /* ImageDownloaderCacher */ = {
			isa = PBXGroup;
			children = (
				84C4F14127D77FAC0086B30E /* ImageCache.swift */,
				84C4F14327D7800C0086B30E /* UIImageView+Extension.swift */,
			);
			path = ImageDownloaderCacher;
			sourceTree = "<group>";
		};
/* End PBXGroup section */

/* Begin PBXNativeTarget section */
		847E2B3F27D2247B001C5999 /* FlickrPhotosGallery */ = {
			isa = PBXNativeTarget;
			buildConfigurationList = 847E2B5427D2247F001C5999 /* Build configuration list for PBXNativeTarget "FlickrPhotosGallery" */;
			buildPhases = (
				847E2B3C27D2247B001C5999 /* Sources */,
				847E2B3D27D2247B001C5999 /* Frameworks */,
				847E2B3E27D2247B001C5999 /* Resources */,
			);
			buildRules = (
			);
			dependencies = (
			);
			name = FlickrPhotosGallery;
			productName = FlickrPhotosGallery;
			productReference = 847E2B4027D2247B001C5999 /* FlickrPhotosGallery.app */;
			productType = "com.apple.product-type.application";
		};
		84AA115127D7780B004537DC /* FlickrPhotosGalleryTests */ = {
			isa = PBXNativeTarget;
			buildConfigurationList = 84AA115827D7780B004537DC /* Build configuration list for PBXNativeTarget "FlickrPhotosGalleryTests" */;
			buildPhases = (
				84AA114E27D7780B004537DC /* Sources */,
				84AA114F27D7780B004537DC /* Frameworks */,
				84AA115027D7780B004537DC /* Resources */,
			);
			buildRules = (
			);
			dependencies = (
				84AA115727D7780B004537DC /* PBXTargetDependency */,
			);
			name = FlickrPhotosGalleryTests;
			productName = FlickrPhotosGalleryTests;
			productReference = 84AA115227D7780B004537DC /* FlickrPhotosGalleryTests.xctest */;
			productType = "com.apple.product-type.bundle.unit-test";
		};
/* End PBXNativeTarget section */

/* Begin PBXProject section */
		847E2B3827D2247B001C5999 /* Project object */ = {
			isa = PBXProject;
			attributes = {
				BuildIndependentTargetsInParallel = 1;
				LastSwiftUpdateCheck = 1320;
				LastUpgradeCheck = 1320;
				TargetAttributes = {
					847E2B3F27D2247B001C5999 = {
						CreatedOnToolsVersion = 13.2.1;
					};
					84AA115127D7780B004537DC = {
						CreatedOnToolsVersion = 13.2.1;
						TestTargetID = 847E2B3F27D2247B001C5999;
					};
				};
			};
			buildConfigurationList = 847E2B3B27D2247B001C5999 /* Build configuration list for PBXProject "FlickrPhotosGallery" */;
			compatibilityVersion = "Xcode 13.0";
			developmentRegion = en;
			hasScannedForEncodings = 0;
			knownRegions = (
				en,
				Base,
			);
			mainGroup = 847E2B3727D2247B001C5999;
			productRefGroup = 847E2B4127D2247B001C5999 /* Products */;
			projectDirPath = "";
			projectRoot = "";
			targets = (
				847E2B3F27D2247B001C5999 /* FlickrPhotosGallery */,
				84AA115127D7780B004537DC /* FlickrPhotosGalleryTests */,
			);
		};
/* End PBXProject section */

/* Begin PBXResourcesBuildPhase section */
		847E2B3E27D2247B001C5999 /* Resources */ = {
			isa = PBXResourcesBuildPhase;
			buildActionMask = 2147483647;
			files = (
				847E2B5027D2247F001C5999 /* LaunchScreen.storyboard in Resources */,
				847E2B4D27D2247F001C5999 /* Assets.xcassets in Resources */,
				847E2B4B27D2247B001C5999 /* Main.storyboard in Resources */,
			);
			runOnlyForDeploymentPostprocessing = 0;
		};
		84AA115027D7780B004537DC /* Resources */ = {
			isa = PBXResourcesBuildPhase;
			buildActionMask = 2147483647;
			files = (
				84AA116027D77925004537DC /* search_succcess.json in Resources */,
			);
			runOnlyForDeploymentPostprocessing = 0;
		};
/* End PBXResourcesBuildPhase section */

/* Begin PBXSourcesBuildPhase section */
		847E2B3C27D2247B001C5999 /* Sources */ = {
			isa = PBXSourcesBuildPhase;
			buildActionMask = 2147483647;
			files = (
				84C4F14227D77FAC0086B30E /* ImageCache.swift in Sources */,
				845F12B327D519C300D4688A /* FlickrPhotosCollectionViewCell.swift in Sources */,
				84C4F14027D77F7B0086B30E /* NetworkUrl.swift in Sources */,
				847E2B4827D2247B001C5999 /* PhotoSearchViewController.swift in Sources */,
				847E2B4427D2247B001C5999 /* AppDelegate.swift in Sources */,
				847E2B6427D24083001C5999 /* FlickrViewProtocol.swift in Sources */,
				84C4F13E27D77F380086B30E /* NetworkManager.swift in Sources */,
				84C4F14427D7800C0086B30E /* UIImageView+Extension.swift in Sources */,
				847E2B4627D2247B001C5999 /* SceneDelegate.swift in Sources */,
				847E2B6227D234F4001C5999 /* FlickrViewModel.swift in Sources */,
				847E2B5B27D22C34001C5999 /* FlickrResponseModel.swift in Sources */,
			);
			runOnlyForDeploymentPostprocessing = 0;
		};
		84AA114E27D7780B004537DC /* Sources */ = {
			isa = PBXSourcesBuildPhase;
			buildActionMask = 2147483647;
			files = (
				84AA115E27D7791B004537DC /* MockNetworkManager.swift in Sources */,
				84AA115C27D7790D004537DC /* FlickrViewModelTests.swift in Sources */,
			);
			runOnlyForDeploymentPostprocessing = 0;
		};
/* End PBXSourcesBuildPhase section */

/* Begin PBXTargetDependency section */
		84AA115727D7780B004537DC /* PBXTargetDependency */ = {
			isa = PBXTargetDependency;
			target = 847E2B3F27D2247B001C5999 /* FlickrPhotosGallery */;
			targetProxy = 84AA115627D7780B004537DC /* PBXContainerItemProxy */;
		};
/* End PBXTargetDependency section */

/* Begin PBXVariantGroup section */
		847E2B4927D2247B001C5999 /* Main.storyboard */ = {
			isa = PBXVariantGroup;
			children = (
				847E2B4A27D2247B001C5999 /* Base */,
			);
			name = Main.storyboard;
			sourceTree = "<group>";
		};
		847E2B4E27D2247F001C5999 /* LaunchScreen.storyboard */ = {
			isa = PBXVariantGroup;
			children = (
				847E2B4F27D2247F001C5999 /* Base */,
			);
			name = LaunchScreen.storyboard;
			sourceTree = "<group>";
		};
/* End PBXVariantGroup section */

/* Begin XCBuildConfiguration section */
		847E2B5227D2247F001C5999 /* Debug */ = {
			isa = XCBuildConfiguration;
			buildSettings = {
				ALWAYS_SEARCH_USER_PATHS = NO;
				CLANG_ANALYZER_NONNULL = YES;
				CLANG_ANALYZER_NUMBER_OBJECT_CONVERSION = YES_AGGRESSIVE;
				CLANG_CXX_LANGUAGE_STANDARD = "gnu++17";
				CLANG_CXX_LIBRARY = "libc++";
				CLANG_ENABLE_MODULES = YES;
				CLANG_ENABLE_OBJC_ARC = YES;
				CLANG_ENABLE_OBJC_WEAK = YES;
				CLANG_WARN_BLOCK_CAPTURE_AUTORELEASING = YES;
				CLANG_WARN_BOOL_CONVERSION = YES;
				CLANG_WARN_COMMA = YES;
				CLANG_WARN_CONSTANT_CONVERSION = YES;
				CLANG_WARN_DEPRECATED_OBJC_IMPLEMENTATIONS = YES;
				CLANG_WARN_DIRECT_OBJC_ISA_USAGE = YES_ERROR;
				CLANG_WARN_DOCUMENTATION_COMMENTS = YES;
				CLANG_WARN_EMPTY_BODY = YES;
				CLANG_WARN_ENUM_CONVERSION = YES;
				CLANG_WARN_INFINITE_RECURSION = YES;
				CLANG_WARN_INT_CONVERSION = YES;
				CLANG_WARN_NON_LITERAL_NULL_CONVERSION = YES;
				CLANG_WARN_OBJC_IMPLICIT_RETAIN_SELF = YES;
				CLANG_WARN_OBJC_LITERAL_CONVERSION = YES;
				CLANG_WARN_OBJC_ROOT_CLASS = YES_ERROR;
				CLANG_WARN_QUOTED_INCLUDE_IN_FRAMEWORK_HEADER = YES;
				CLANG_WARN_RANGE_LOOP_ANALYSIS = YES;
				CLANG_WARN_STRICT_PROTOTYPES = YES;
				CLANG_WARN_SUSPICIOUS_MOVE = YES;
				CLANG_WARN_UNGUARDED_AVAILABILITY = YES_AGGRESSIVE;
				CLANG_WARN_UNREACHABLE_CODE = YES;
				CLANG_WARN__DUPLICATE_METHOD_MATCH = YES;
				COPY_PHASE_STRIP = NO;
				DEBUG_INFORMATION_FORMAT = dwarf;
				ENABLE_STRICT_OBJC_MSGSEND = YES;
				ENABLE_TESTABILITY = YES;
				GCC_C_LANGUAGE_STANDARD = gnu11;
				GCC_DYNAMIC_NO_PIC = NO;
				GCC_NO_COMMON_BLOCKS = YES;
				GCC_OPTIMIZATION_LEVEL = 0;
				GCC_PREPROCESSOR_DEFINITIONS = (
					"DEBUG=1",
					"$(inherited)",
				);
				GCC_WARN_64_TO_32_BIT_CONVERSION = YES;
				GCC_WARN_ABOUT_RETURN_TYPE = YES_ERROR;
				GCC_WARN_UNDECLARED_SELECTOR = YES;
				GCC_WARN_UNINITIALIZED_AUTOS = YES_AGGRESSIVE;
				GCC_WARN_UNUSED_FUNCTION = YES;
				GCC_WARN_UNUSED_VARIABLE = YES;
				IPHONEOS_DEPLOYMENT_TARGET = 15.2;
				MTL_ENABLE_DEBUG_INFO = INCLUDE_SOURCE;
				MTL_FAST_MATH = YES;
				ONLY_ACTIVE_ARCH = YES;
				SDKROOT = iphoneos;
				SWIFT_ACTIVE_COMPILATION_CONDITIONS = DEBUG;
				SWIFT_OPTIMIZATION_LEVEL = "-Onone";
			};
			name = Debug;
		};
		847E2B5327D2247F001C5999 /* Release */ = {
			isa = XCBuildConfiguration;
			buildSettings = {
				ALWAYS_SEARCH_USER_PATHS = NO;
				CLANG_ANALYZER_NONNULL = YES;
				CLANG_ANALYZER_NUMBER_OBJECT_CONVERSION = YES_AGGRESSIVE;
				CLANG_CXX_LANGUAGE_STANDARD = "gnu++17";
				CLANG_CXX_LIBRARY = "libc++";
				CLANG_ENABLE_MODULES = YES;
				CLANG_ENABLE_OBJC_ARC = YES;
				CLANG_ENABLE_OBJC_WEAK = YES;
				CLANG_WARN_BLOCK_CAPTURE_AUTORELEASING = YES;
				CLANG_WARN_BOOL_CONVERSION = YES;
				CLANG_WARN_COMMA = YES;
				CLANG_WARN_CONSTANT_CONVERSION = YES;
				CLANG_WARN_DEPRECATED_OBJC_IMPLEMENTATIONS = YES;
				CLANG_WARN_DIRECT_OBJC_ISA_USAGE = YES_ERROR;
				CLANG_WARN_DOCUMENTATION_COMMENTS = YES;
				CLANG_WARN_EMPTY_BODY = YES;
				CLANG_WARN_ENUM_CONVERSION = YES;
				CLANG_WARN_INFINITE_RECURSION = YES;
				CLANG_WARN_INT_CONVERSION = YES;
				CLANG_WARN_NON_LITERAL_NULL_CONVERSION = YES;
				CLANG_WARN_OBJC_IMPLICIT_RETAIN_SELF = YES;
				CLANG_WARN_OBJC_LITERAL_CONVERSION = YES;
				CLANG_WARN_OBJC_ROOT_CLASS = YES_ERROR;
				CLANG_WARN_QUOTED_INCLUDE_IN_FRAMEWORK_HEADER = YES;
				CLANG_WARN_RANGE_LOOP_ANALYSIS = YES;
				CLANG_WARN_STRICT_PROTOTYPES = YES;
				CLANG_WARN_SUSPICIOUS_MOVE = YES;
				CLANG_WARN_UNGUARDED_AVAILABILITY = YES_AGGRESSIVE;
				CLANG_WARN_UNREACHABLE_CODE = YES;
				CLANG_WARN__DUPLICATE_METHOD_MATCH = YES;
				COPY_PHASE_STRIP = NO;
				DEBUG_INFORMATION_FORMAT = "dwarf-with-dsym";
				ENABLE_NS_ASSERTIONS = NO;
				ENABLE_STRICT_OBJC_MSGSEND = YES;
				GCC_C_LANGUAGE_STANDARD = gnu11;
				GCC_NO_COMMON_BLOCKS = YES;
				GCC_WARN_64_TO_32_BIT_CONVERSION = YES;
				GCC_WARN_ABOUT_RETURN_TYPE = YES_ERROR;
				GCC_WARN_UNDECLARED_SELECTOR = YES;
				GCC_WARN_UNINITIALIZED_AUTOS = YES_AGGRESSIVE;
				GCC_WARN_UNUSED_FUNCTION = YES;
				GCC_WARN_UNUSED_VARIABLE = YES;
				IPHONEOS_DEPLOYMENT_TARGET = 15.2;
				MTL_ENABLE_DEBUG_INFO = NO;
				MTL_FAST_MATH = YES;
				SDKROOT = iphoneos;
				SWIFT_COMPILATION_MODE = wholemodule;
				SWIFT_OPTIMIZATION_LEVEL = "-O";
				VALIDATE_PRODUCT = YES;
			};
			name = Release;
		};
		847E2B5527D2247F001C5999 /* Debug */ = {
			isa = XCBuildConfiguration;
			buildSettings = {
				ASSETCATALOG_COMPILER_APPICON_NAME = AppIcon;
				ASSETCATALOG_COMPILER_GLOBAL_ACCENT_COLOR_NAME = AccentColor;
				CODE_SIGN_STYLE = Automatic;
				CURRENT_PROJECT_VERSION = 1;
				GENERATE_INFOPLIST_FILE = YES;
				INFOPLIST_FILE = FlickrPhotosGallery/Info.plist;
				INFOPLIST_KEY_UIApplicationSupportsIndirectInputEvents = YES;
				INFOPLIST_KEY_UILaunchStoryboardName = LaunchScreen;
				INFOPLIST_KEY_UIMainStoryboardFile = Main;
				INFOPLIST_KEY_UISupportedInterfaceOrientations_iPad = "UIInterfaceOrientationPortrait UIInterfaceOrientationPortraitUpsideDown UIInterfaceOrientationLandscapeLeft UIInterfaceOrientationLandscapeRight";
				INFOPLIST_KEY_UISupportedInterfaceOrientations_iPhone = "UIInterfaceOrientationPortrait UIInterfaceOrientationLandscapeLeft UIInterfaceOrientationLandscapeRight";
				LD_RUNPATH_SEARCH_PATHS = (
					"$(inherited)",
					"@executable_path/Frameworks",
				);
				MARKETING_VERSION = 1.0;
				PRODUCT_BUNDLE_IDENTIFIER = com.challenge.FlickrPhotosGallery;
				PRODUCT_NAME = "$(TARGET_NAME)";
				SWIFT_EMIT_LOC_STRINGS = YES;
				SWIFT_VERSION = 5.0;
				TARGETED_DEVICE_FAMILY = "1,2";
			};
			name = Debug;
		};
		847E2B5627D2247F001C5999 /* Release */ = {
			isa = XCBuildConfiguration;
			buildSettings = {
				ASSETCATALOG_COMPILER_APPICON_NAME = AppIcon;
				ASSETCATALOG_COMPILER_GLOBAL_ACCENT_COLOR_NAME = AccentColor;
				CODE_SIGN_STYLE = Automatic;
				CURRENT_PROJECT_VERSION = 1;
				GENERATE_INFOPLIST_FILE = YES;
				INFOPLIST_FILE = FlickrPhotosGallery/Info.plist;
				INFOPLIST_KEY_UIApplicationSupportsIndirectInputEvents = YES;
				INFOPLIST_KEY_UILaunchStoryboardName = LaunchScreen;
				INFOPLIST_KEY_UIMainStoryboardFile = Main;
				INFOPLIST_KEY_UISupportedInterfaceOrientations_iPad = "UIInterfaceOrientationPortrait UIInterfaceOrientationPortraitUpsideDown UIInterfaceOrientationLandscapeLeft UIInterfaceOrientationLandscapeRight";
				INFOPLIST_KEY_UISupportedInterfaceOrientations_iPhone = "UIInterfaceOrientationPortrait UIInterfaceOrientationLandscapeLeft UIInterfaceOrientationLandscapeRight";
				LD_RUNPATH_SEARCH_PATHS = (
					"$(inherited)",
					"@executable_path/Frameworks",
				);
				MARKETING_VERSION = 1.0;
				PRODUCT_BUNDLE_IDENTIFIER = com.challenge.FlickrPhotosGallery;
				PRODUCT_NAME = "$(TARGET_NAME)";
				SWIFT_EMIT_LOC_STRINGS = YES;
				SWIFT_VERSION = 5.0;
				TARGETED_DEVICE_FAMILY = "1,2";
			};
			name = Release;
		};
		84AA115927D7780B004537DC /* Debug */ = {
			isa = XCBuildConfiguration;
			buildSettings = {
				BUNDLE_LOADER = "$(TEST_HOST)";
				CODE_SIGN_STYLE = Automatic;
				CURRENT_PROJECT_VERSION = 1;
				GENERATE_INFOPLIST_FILE = YES;
				MARKETING_VERSION = 1.0;
				PRODUCT_BUNDLE_IDENTIFIER = com.challenge.FlickrPhotosGalleryTests;
				PRODUCT_NAME = "$(TARGET_NAME)";
				SWIFT_EMIT_LOC_STRINGS = NO;
				SWIFT_VERSION = 5.0;
				TARGETED_DEVICE_FAMILY = "1,2";
				TEST_HOST = "$(BUILT_PRODUCTS_DIR)/FlickrPhotosGallery.app/FlickrPhotosGallery";
			};
			name = Debug;
		};
		84AA115A27D7780B004537DC /* Release */ = {
			isa = XCBuildConfiguration;
			buildSettings = {
				BUNDLE_LOADER = "$(TEST_HOST)";
				CODE_SIGN_STYLE = Automatic;
				CURRENT_PROJECT_VERSION = 1;
				GENERATE_INFOPLIST_FILE = YES;
				MARKETING_VERSION = 1.0;
				PRODUCT_BUNDLE_IDENTIFIER = com.challenge.FlickrPhotosGalleryTests;
				PRODUCT_NAME = "$(TARGET_NAME)";
				SWIFT_EMIT_LOC_STRINGS = NO;
				SWIFT_VERSION = 5.0;
				TARGETED_DEVICE_FAMILY = "1,2";
				TEST_HOST = "$(BUILT_PRODUCTS_DIR)/FlickrPhotosGallery.app/FlickrPhotosGallery";
			};
			name = Release;
		};
/* End XCBuildConfiguration section */

/* Begin XCConfigurationList section */
		847E2B3B27D2247B001C5999 /* Build configuration list for PBXProject "FlickrPhotosGallery" */ = {
			isa = XCConfigurationList;
			buildConfigurations = (
				847E2B5227D2247F001C5999 /* Debug */,
				847E2B5327D2247F001C5999 /* Release */,
			);
			defaultConfigurationIsVisible = 0;
			defaultConfigurationName = Release;
		};
		847E2B5427D2247F001C5999 /* Build configuration list for PBXNativeTarget "FlickrPhotosGallery" */ = {
			isa = XCConfigurationList;
			buildConfigurations = (
				847E2B5527D2247F001C5999 /* Debug */,
				847E2B5627D2247F001C5999 /* Release */,
			);
			defaultConfigurationIsVisible = 0;
			defaultConfigurationName = Release;
		};
		84AA115827D7780B004537DC /* Build configuration list for PBXNativeTarget "FlickrPhotosGalleryTests" */ = {
			isa = XCConfigurationList;
			buildConfigurations = (
				84AA115927D7780B004537DC /* Debug */,
				84AA115A27D7780B004537DC /* Release */,
			);
			defaultConfigurationIsVisible = 0;
			defaultConfigurationName = Release;
		};
/* End XCConfigurationList section */
	};
	rootObject = 847E2B3827D2247B001C5999 /* Project object */;
}
